
Microsoft Visual Studio Solution File, Format Version 12.00
# Visual Studio Version 17
VisualStudioVersion = 17.5.33424.131
MinimumVisualStudioVersion = 10.0.40219.1
Project("{FAE04EC0-301F-11D3-BF4B-00C04F79EFBC}") = "SportsApp", "SportsApp\SportsApp.csproj", "{88727CFA-B332-44C5-B881-379A2A4E2B24}"
EndProject
Project("{FAE04EC0-301F-11D3-BF4B-00C04F79EFBC}") = "SportData", "SportData\SportData.csproj", "{529D377E-B287-486E-A163-C614F069BFFA}"
EndProject
Global
	GlobalSection(SolutionConfigurationPlatforms) = preSolution
		Debug|Any CPU = Debug|Any CPU
		Release|Any CPU = Release|Any CPU
	EndGlobalSection
	GlobalSection(ProjectConfigurationPlatforms) = postSolution
		{88727CFA-B332-44C5-B881-379A2A4E2B24}.Debug|Any CPU.ActiveCfg = Debug|Any CPU
		{88727CFA-B332-44C5-B881-379A2A4E2B24}.Debug|Any CPU.Build.0 = Debug|Any CPU
		{88727CFA-B332-44C5-B881-379A2A4E2B24}.Release|Any CPU.ActiveCfg = Release|Any CPU
		{88727CFA-B332-44C5-B881-379A2A4E2B24}.Release|Any CPU.Build.0 = Release|Any CPU
		{529D377E-B287-486E-A163-C614F069BFFA}.Debug|Any CPU.ActiveCfg = Debug|Any CPU
		{529D377E-B287-486E-A163-C614F069BFFA}.Debug|Any CPU.Build.0 = Debug|Any CPU
		{529D377E-B287-486E-A163-C614F069BFFA}.Release|Any CPU.ActiveCfg = Release|Any CPU
		{529D377E-B287-486E-A163-C614F069BFFA}.Release|Any CPU.Build.0 = Release|Any CPU
	EndGlobalSection
	GlobalSection(SolutionProperties) = preSolution
		HideSolutionNode = FALSE
	EndGlobalSection
	GlobalSection(ExtensibilityGlobals) = postSolution
		SolutionGuid = {3799EA35-0DD2-4371-A624-61911191EB2F}
	EndGlobalSection
EndGlobal
